{
  "name": "test-ajs",
  "version": "1.0.0",
  "lockfileVersion": 3,
  "requires": true,
  "packages": {
    "": {
      "name": "test-ajs",
      "version": "1.0.0",
      "license": "ISC",
      "dependencies": {
        "@belokopytova/ajs": "^1.0.0"
      }
    },
    "node_modules/@belokopytova/ajs": {
      "version": "1.0.0",
      "resolved": "https://npm.pkg.github.com/download/@belokopytova/ajs/1.0.0/7b08934dc3081386df6c001675a24c0e4aaf8560",
      "integrity": "sha512-J7XGiPv4VbAbGz2CFz2oj6hdVy8UboaoWh5DBjCFf9nfV2KGeLxP/1g6TgL/WUhj2cmCBi9PLhiHfMTBSHNfNQ==",
      "license": "ISC"
    }
  }
}
